
Microsoft Visual Studio Solution File, Format Version 12.00
# Visual Studio Version 17
VisualStudioVersion = 17.6.33815.320
MinimumVisualStudioVersion = 10.0.40219.1
Project("{2150E333-8FDC-42A3-9474-1A3956D46DE8}") = "00.Document", "00.Document", "{4336D94E-EA58-4A09-94EE-2129253E3002}"
	ProjectSection(SolutionItems) = preProject
		00.Document\Readme.md = 00.Document\Readme.md
	EndProjectSection
EndProject
Project("{2150E333-8FDC-42A3-9474-1A3956D46DE8}") = "01.Core", "01.Core", "{6F197A1E-11FC-410C-A531-2DCB2E12476C}"
EndProject
Project("{2150E333-8FDC-42A3-9474-1A3956D46DE8}") = "02.Domain", "02.Domain", "{82B0568D-216C-4FD0-A27F-ED70F6F6355C}"
EndProject
Project("{2150E333-8FDC-42A3-9474-1A3956D46DE8}") = "03.Apps", "03.Apps", "{8204D400-871C-4E97-8010-A0510F3A6221}"
EndProject
Project("{2150E333-8FDC-42A3-9474-1A3956D46DE8}") = "99.ThirdParty", "99.ThirdParty", "{0C45D580-8D37-4D9B-85AA-496A7A9EB1C3}"
EndProject
Project("{2150E333-8FDC-42A3-9474-1A3956D46DE8}") = "01.FE", "01.FE", "{FD2168E2-558A-4601-8CE3-F2D7C3100C67}"
EndProject
Project("{2150E333-8FDC-42A3-9474-1A3956D46DE8}") = "02.BE", "02.BE", "{CFBEA655-445B-4E18-B225-739795F40694}"
EndProject
Project("{9A19103F-16F7-4668-BE54-9A1E7A4F7556}") = "EWS.Application", "01.Core\EWS.Application\EWS.Application.csproj", "{F3053843-C99C-494F-902C-32C281E6056C}"
EndProject
Project("{9A19103F-16F7-4668-BE54-9A1E7A4F7556}") = "EWS.Infrastructure", "01.Core\EWS.Infrastructure\EWS.Infrastructure.csproj", "{2D953B7A-F190-4B6C-A8BF-1484EAE3B9A7}"
EndProject
Project("{2150E333-8FDC-42A3-9474-1A3956D46DE8}") = "1.Entity", "1.Entity", "{A034E490-E719-486D-8658-402CDA887888}"
EndProject
Project("{2150E333-8FDC-42A3-9474-1A3956D46DE8}") = "2.Domain", "2.Domain", "{01B85F24-6EBC-4C3A-8177-5B6849B124A7}"
EndProject
Project("{9A19103F-16F7-4668-BE54-9A1E7A4F7556}") = "EWS.WebApi.Server", "03.Apps\02.BE\EWS.WebApi.Server\EWS.WebApi.Server.csproj", "{94C70D8E-02EC-4A04-8269-51BE5D0FA745}"
EndProject
Project("{2150E333-8FDC-42A3-9474-1A3956D46DE8}") = "4.Domain.Implement", "4.Domain.Implement", "{95B967D1-4A16-4FFD-9574-3B146350ABF7}"
EndProject
Project("{9A19103F-16F7-4668-BE54-9A1E7A4F7556}") = "EWS.Entity.Db", "02.Domain\1.Entity\EWS.Entity.Db\EWS.Entity.Db.csproj", "{969D14A4-2159-4289-A4E3-37C8612E9F0F}"
EndProject
Project("{9A19103F-16F7-4668-BE54-9A1E7A4F7556}") = "EWS.Entity", "02.Domain\1.Entity\EWS.Entity\EWS.Entity.csproj", "{62DEAA38-2A79-4A04-9578-FD6C59945548}"
EndProject
Project("{2150E333-8FDC-42A3-9474-1A3956D46DE8}") = "3.Domain.Infra", "3.Domain.Infra", "{6D8DD8B2-BF9B-41F5-BDA8-E5F0FE6DE2F7}"
EndProject
Project("{9A19103F-16F7-4668-BE54-9A1E7A4F7556}") = "EWS.Domain.Infra", "02.Domain\3.Domain.Infra\EWS.Domain.Infra\EWS.Domain.Infra.csproj", "{FFE34EE2-45CA-4908-8121-A01F6FAD97E8}"
EndProject
Project("{2150E333-8FDC-42A3-9474-1A3956D46DE8}") = "98.Test", "98.Test", "{B5E9DEF7-AE9A-4614-BFE9-13FD158ACC0E}"
EndProject
Project("{9A19103F-16F7-4668-BE54-9A1E7A4F7556}") = "EWS.Tests", "98.Test\EWS.Tests\EWS.Tests.csproj", "{8DB25F50-7AB1-406C-B292-7F51D9EE3796}"
EndProject
Project("{9A19103F-16F7-4668-BE54-9A1E7A4F7556}") = "EWS.Domain.Abstraction", "02.Domain\2.Domain\EWS.Domain.Abstraction\EWS.Domain.Abstraction.csproj", "{4C83E3E1-575E-4B8D-85B3-1602D981FF7D}"
EndProject
Project("{9A19103F-16F7-4668-BE54-9A1E7A4F7556}") = "EWS.Domain.Implement.Example", "02.Domain\4.Domain.Implement\EWS.Domain.Implement.Example\EWS.Domain.Implement.Example.csproj", "{06C965B1-7904-4607-BDA1-1F376E5E40AA}"
EndProject
Project("{9A19103F-16F7-4668-BE54-9A1E7A4F7556}") = "EWS.Domain.Implement.Common", "02.Domain\4.Domain.Implement\EWS.Domain.Implement.Common\EWS.Domain.Implement.Common.csproj", "{8246A712-9343-43A3-8410-763C5B03AC15}"
EndProject
Project("{9A19103F-16F7-4668-BE54-9A1E7A4F7556}") = "EWS.Domain.Implement.Account", "02.Domain\4.Domain.Implement\EWS.Domain.Implement.Account\EWS.Domain.Implement.Account.csproj", "{CA2BDD4D-BC48-4742-B25F-F8FD5EF7859B}"
EndProject
Project("{9A19103F-16F7-4668-BE54-9A1E7A4F7556}") = "EWS.Domain", "02.Domain\2.Domain\EWS.Domain\EWS.Domain.csproj", "{6706CAD5-AD61-422B-B536-02F8F5C8983B}"
EndProject
Project("{9A19103F-16F7-4668-BE54-9A1E7A4F7556}") = "PlaywrightTests", "98.Test\PlaywrightTests\PlaywrightTests.csproj", "{BBB9A879-67BE-4F40-BFF5-4B898CAC4268}"
EndProject
Project("{FAE04EC0-301F-11D3-BF4B-00C04F79EFBC}") = "EWS.BlazorWasm", "03.Apps\01.FE\EWS.BlazorWasm\EWS.BlazorWasm.csproj", "{31AFF95C-2CAA-4298-B606-51BB0A899D6E}"
EndProject
Project("{FAE04EC0-301F-11D3-BF4B-00C04F79EFBC}") = "EWS.Domain.Infra.Excel", "02.Domain\3.Domain.Infra\EWS.Domain.Infra.Excel\EWS.Domain.Infra.Excel.csproj", "{49CC02B4-DF90-434A-92CE-45CCB7A58082}"
EndProject
Project("{FAE04EC0-301F-11D3-BF4B-00C04F79EFBC}") = "EWS.Domain.Implement.Resource", "02.Domain\4.Domain.Implement\EWS.Domain.Implement.Resource\EWS.Domain.Implement.Resource.csproj", "{2217F461-59F6-47F3-8CC2-29277748E372}"
EndProject
Project("{FAE04EC0-301F-11D3-BF4B-00C04F79EFBC}") = "EWS.MauiBlazor", "03.Apps\01.FE\EWS.MauiBlazor\EWS.MauiBlazor.csproj", "{10081F78-8FD1-492B-AF65-40E951133269}"
EndProject
Project("{FAE04EC0-301F-11D3-BF4B-00C04F79EFBC}") = "EWS.Console", "03.Apps\01.FE\EWS.Console\EWS.Console.csproj", "{A5CE291D-1DD4-4390-8B73-6DD4419637A4}"
EndProject
Project("{FAE04EC0-301F-11D3-BF4B-00C04F79EFBC}") = "eXtensionSharp", "..\..\eXtensionSharp\src\eXtensionSharp.csproj", "{5279A571-A666-4411-854E-7EA0A1B71621}"
EndProject
Project("{FAE04EC0-301F-11D3-BF4B-00C04F79EFBC}") = "EWS.Dount", "03.Apps\01.FE\EWS.Dount\EWS.Dount.csproj", "{07E0CA05-353D-405B-BF05-4F5779A01924}"
EndProject
Global
	GlobalSection(SolutionConfigurationPlatforms) = preSolution
		Debug|Any CPU = Debug|Any CPU
		Release|Any CPU = Release|Any CPU
	EndGlobalSection
	GlobalSection(ProjectConfigurationPlatforms) = postSolution
		{F3053843-C99C-494F-902C-32C281E6056C}.Debug|Any CPU.ActiveCfg = Debug|Any CPU
		{F3053843-C99C-494F-902C-32C281E6056C}.Debug|Any CPU.Build.0 = Debug|Any CPU
		{F3053843-C99C-494F-902C-32C281E6056C}.Release|Any CPU.ActiveCfg = Release|Any CPU
		{F3053843-C99C-494F-902C-32C281E6056C}.Release|Any CPU.Build.0 = Release|Any CPU
		{2D953B7A-F190-4B6C-A8BF-1484EAE3B9A7}.Debug|Any CPU.ActiveCfg = Debug|Any CPU
		{2D953B7A-F190-4B6C-A8BF-1484EAE3B9A7}.Debug|Any CPU.Build.0 = Debug|Any CPU
		{2D953B7A-F190-4B6C-A8BF-1484EAE3B9A7}.Release|Any CPU.ActiveCfg = Release|Any CPU
		{2D953B7A-F190-4B6C-A8BF-1484EAE3B9A7}.Release|Any CPU.Build.0 = Release|Any CPU
		{94C70D8E-02EC-4A04-8269-51BE5D0FA745}.Debug|Any CPU.ActiveCfg = Debug|Any CPU
		{94C70D8E-02EC-4A04-8269-51BE5D0FA745}.Debug|Any CPU.Build.0 = Debug|Any CPU
		{94C70D8E-02EC-4A04-8269-51BE5D0FA745}.Release|Any CPU.ActiveCfg = Release|Any CPU
		{94C70D8E-02EC-4A04-8269-51BE5D0FA745}.Release|Any CPU.Build.0 = Release|Any CPU
		{969D14A4-2159-4289-A4E3-37C8612E9F0F}.Debug|Any CPU.ActiveCfg = Debug|Any CPU
		{969D14A4-2159-4289-A4E3-37C8612E9F0F}.Debug|Any CPU.Build.0 = Debug|Any CPU
		{969D14A4-2159-4289-A4E3-37C8612E9F0F}.Release|Any CPU.ActiveCfg = Release|Any CPU
		{969D14A4-2159-4289-A4E3-37C8612E9F0F}.Release|Any CPU.Build.0 = Release|Any CPU
		{62DEAA38-2A79-4A04-9578-FD6C59945548}.Debug|Any CPU.ActiveCfg = Debug|Any CPU
		{62DEAA38-2A79-4A04-9578-FD6C59945548}.Debug|Any CPU.Build.0 = Debug|Any CPU
		{62DEAA38-2A79-4A04-9578-FD6C59945548}.Release|Any CPU.ActiveCfg = Release|Any CPU
		{62DEAA38-2A79-4A04-9578-FD6C59945548}.Release|Any CPU.Build.0 = Release|Any CPU
		{FFE34EE2-45CA-4908-8121-A01F6FAD97E8}.Debug|Any CPU.ActiveCfg = Debug|Any CPU
		{FFE34EE2-45CA-4908-8121-A01F6FAD97E8}.Debug|Any CPU.Build.0 = Debug|Any CPU
		{FFE34EE2-45CA-4908-8121-A01F6FAD97E8}.Release|Any CPU.ActiveCfg = Release|Any CPU
		{FFE34EE2-45CA-4908-8121-A01F6FAD97E8}.Release|Any CPU.Build.0 = Release|Any CPU
		{8DB25F50-7AB1-406C-B292-7F51D9EE3796}.Debug|Any CPU.ActiveCfg = Debug|Any CPU
		{8DB25F50-7AB1-406C-B292-7F51D9EE3796}.Debug|Any CPU.Build.0 = Debug|Any CPU
		{8DB25F50-7AB1-406C-B292-7F51D9EE3796}.Release|Any CPU.ActiveCfg = Release|Any CPU
		{8DB25F50-7AB1-406C-B292-7F51D9EE3796}.Release|Any CPU.Build.0 = Release|Any CPU
		{4C83E3E1-575E-4B8D-85B3-1602D981FF7D}.Debug|Any CPU.ActiveCfg = Debug|Any CPU
		{4C83E3E1-575E-4B8D-85B3-1602D981FF7D}.Debug|Any CPU.Build.0 = Debug|Any CPU
		{4C83E3E1-575E-4B8D-85B3-1602D981FF7D}.Release|Any CPU.ActiveCfg = Release|Any CPU
		{4C83E3E1-575E-4B8D-85B3-1602D981FF7D}.Release|Any CPU.Build.0 = Release|Any CPU
		{06C965B1-7904-4607-BDA1-1F376E5E40AA}.Debug|Any CPU.ActiveCfg = Debug|Any CPU
		{06C965B1-7904-4607-BDA1-1F376E5E40AA}.Debug|Any CPU.Build.0 = Debug|Any CPU
		{06C965B1-7904-4607-BDA1-1F376E5E40AA}.Release|Any CPU.ActiveCfg = Release|Any CPU
		{06C965B1-7904-4607-BDA1-1F376E5E40AA}.Release|Any CPU.Build.0 = Release|Any CPU
		{8246A712-9343-43A3-8410-763C5B03AC15}.Debug|Any CPU.ActiveCfg = Debug|Any CPU
		{8246A712-9343-43A3-8410-763C5B03AC15}.Debug|Any CPU.Build.0 = Debug|Any CPU
		{8246A712-9343-43A3-8410-763C5B03AC15}.Release|Any CPU.ActiveCfg = Release|Any CPU
		{8246A712-9343-43A3-8410-763C5B03AC15}.Release|Any CPU.Build.0 = Release|Any CPU
		{CA2BDD4D-BC48-4742-B25F-F8FD5EF7859B}.Debug|Any CPU.ActiveCfg = Debug|Any CPU
		{CA2BDD4D-BC48-4742-B25F-F8FD5EF7859B}.Debug|Any CPU.Build.0 = Debug|Any CPU
		{CA2BDD4D-BC48-4742-B25F-F8FD5EF7859B}.Release|Any CPU.ActiveCfg = Release|Any CPU
		{CA2BDD4D-BC48-4742-B25F-F8FD5EF7859B}.Release|Any CPU.Build.0 = Release|Any CPU
		{6706CAD5-AD61-422B-B536-02F8F5C8983B}.Debug|Any CPU.ActiveCfg = Debug|Any CPU
		{6706CAD5-AD61-422B-B536-02F8F5C8983B}.Debug|Any CPU.Build.0 = Debug|Any CPU
		{6706CAD5-AD61-422B-B536-02F8F5C8983B}.Release|Any CPU.ActiveCfg = Release|Any CPU
		{6706CAD5-AD61-422B-B536-02F8F5C8983B}.Release|Any CPU.Build.0 = Release|Any CPU
		{BBB9A879-67BE-4F40-BFF5-4B898CAC4268}.Debug|Any CPU.ActiveCfg = Debug|Any CPU
		{BBB9A879-67BE-4F40-BFF5-4B898CAC4268}.Debug|Any CPU.Build.0 = Debug|Any CPU
		{BBB9A879-67BE-4F40-BFF5-4B898CAC4268}.Release|Any CPU.ActiveCfg = Release|Any CPU
		{BBB9A879-67BE-4F40-BFF5-4B898CAC4268}.Release|Any CPU.Build.0 = Release|Any CPU
		{31AFF95C-2CAA-4298-B606-51BB0A899D6E}.Debug|Any CPU.ActiveCfg = Debug|Any CPU
		{31AFF95C-2CAA-4298-B606-51BB0A899D6E}.Debug|Any CPU.Build.0 = Debug|Any CPU
		{31AFF95C-2CAA-4298-B606-51BB0A899D6E}.Release|Any CPU.ActiveCfg = Release|Any CPU
		{31AFF95C-2CAA-4298-B606-51BB0A899D6E}.Release|Any CPU.Build.0 = Release|Any CPU
		{49CC02B4-DF90-434A-92CE-45CCB7A58082}.Debug|Any CPU.ActiveCfg = Debug|Any CPU
		{49CC02B4-DF90-434A-92CE-45CCB7A58082}.Debug|Any CPU.Build.0 = Debug|Any CPU
		{49CC02B4-DF90-434A-92CE-45CCB7A58082}.Release|Any CPU.ActiveCfg = Release|Any CPU
		{49CC02B4-DF90-434A-92CE-45CCB7A58082}.Release|Any CPU.Build.0 = Release|Any CPU
		{2217F461-59F6-47F3-8CC2-29277748E372}.Debug|Any CPU.ActiveCfg = Debug|Any CPU
		{2217F461-59F6-47F3-8CC2-29277748E372}.Debug|Any CPU.Build.0 = Debug|Any CPU
		{2217F461-59F6-47F3-8CC2-29277748E372}.Release|Any CPU.ActiveCfg = Release|Any CPU
		{2217F461-59F6-47F3-8CC2-29277748E372}.Release|Any CPU.Build.0 = Release|Any CPU
		{10081F78-8FD1-492B-AF65-40E951133269}.Debug|Any CPU.ActiveCfg = Debug|Any CPU
		{10081F78-8FD1-492B-AF65-40E951133269}.Debug|Any CPU.Build.0 = Debug|Any CPU
		{10081F78-8FD1-492B-AF65-40E951133269}.Release|Any CPU.ActiveCfg = Release|Any CPU
		{10081F78-8FD1-492B-AF65-40E951133269}.Release|Any CPU.Build.0 = Release|Any CPU
		{A5CE291D-1DD4-4390-8B73-6DD4419637A4}.Debug|Any CPU.ActiveCfg = Debug|Any CPU
		{A5CE291D-1DD4-4390-8B73-6DD4419637A4}.Debug|Any CPU.Build.0 = Debug|Any CPU
		{A5CE291D-1DD4-4390-8B73-6DD4419637A4}.Release|Any CPU.ActiveCfg = Release|Any CPU
		{A5CE291D-1DD4-4390-8B73-6DD4419637A4}.Release|Any CPU.Build.0 = Release|Any CPU
		{5279A571-A666-4411-854E-7EA0A1B71621}.Debug|Any CPU.ActiveCfg = Debug|Any CPU
		{5279A571-A666-4411-854E-7EA0A1B71621}.Debug|Any CPU.Build.0 = Debug|Any CPU
		{5279A571-A666-4411-854E-7EA0A1B71621}.Release|Any CPU.ActiveCfg = Release|Any CPU
		{5279A571-A666-4411-854E-7EA0A1B71621}.Release|Any CPU.Build.0 = Release|Any CPU
		{07E0CA05-353D-405B-BF05-4F5779A01924}.Debug|Any CPU.ActiveCfg = Debug|Any CPU
		{07E0CA05-353D-405B-BF05-4F5779A01924}.Debug|Any CPU.Build.0 = Debug|Any CPU
		{07E0CA05-353D-405B-BF05-4F5779A01924}.Release|Any CPU.ActiveCfg = Release|Any CPU
		{07E0CA05-353D-405B-BF05-4F5779A01924}.Release|Any CPU.Build.0 = Release|Any CPU
	EndGlobalSection
	GlobalSection(SolutionProperties) = preSolution
		HideSolutionNode = FALSE
	EndGlobalSection
	GlobalSection(NestedProjects) = preSolution
		{FD2168E2-558A-4601-8CE3-F2D7C3100C67} = {8204D400-871C-4E97-8010-A0510F3A6221}
		{CFBEA655-445B-4E18-B225-739795F40694} = {8204D400-871C-4E97-8010-A0510F3A6221}
		{F3053843-C99C-494F-902C-32C281E6056C} = {6F197A1E-11FC-410C-A531-2DCB2E12476C}
		{2D953B7A-F190-4B6C-A8BF-1484EAE3B9A7} = {6F197A1E-11FC-410C-A531-2DCB2E12476C}
		{A034E490-E719-486D-8658-402CDA887888} = {82B0568D-216C-4FD0-A27F-ED70F6F6355C}
		{01B85F24-6EBC-4C3A-8177-5B6849B124A7} = {82B0568D-216C-4FD0-A27F-ED70F6F6355C}
		{94C70D8E-02EC-4A04-8269-51BE5D0FA745} = {CFBEA655-445B-4E18-B225-739795F40694}
		{95B967D1-4A16-4FFD-9574-3B146350ABF7} = {82B0568D-216C-4FD0-A27F-ED70F6F6355C}
		{969D14A4-2159-4289-A4E3-37C8612E9F0F} = {A034E490-E719-486D-8658-402CDA887888}
		{62DEAA38-2A79-4A04-9578-FD6C59945548} = {A034E490-E719-486D-8658-402CDA887888}
		{6D8DD8B2-BF9B-41F5-BDA8-E5F0FE6DE2F7} = {82B0568D-216C-4FD0-A27F-ED70F6F6355C}
		{FFE34EE2-45CA-4908-8121-A01F6FAD97E8} = {6D8DD8B2-BF9B-41F5-BDA8-E5F0FE6DE2F7}
		{8DB25F50-7AB1-406C-B292-7F51D9EE3796} = {B5E9DEF7-AE9A-4614-BFE9-13FD158ACC0E}
		{4C83E3E1-575E-4B8D-85B3-1602D981FF7D} = {01B85F24-6EBC-4C3A-8177-5B6849B124A7}
		{06C965B1-7904-4607-BDA1-1F376E5E40AA} = {95B967D1-4A16-4FFD-9574-3B146350ABF7}
		{8246A712-9343-43A3-8410-763C5B03AC15} = {95B967D1-4A16-4FFD-9574-3B146350ABF7}
		{CA2BDD4D-BC48-4742-B25F-F8FD5EF7859B} = {95B967D1-4A16-4FFD-9574-3B146350ABF7}
		{6706CAD5-AD61-422B-B536-02F8F5C8983B} = {01B85F24-6EBC-4C3A-8177-5B6849B124A7}
		{BBB9A879-67BE-4F40-BFF5-4B898CAC4268} = {B5E9DEF7-AE9A-4614-BFE9-13FD158ACC0E}
		{31AFF95C-2CAA-4298-B606-51BB0A899D6E} = {FD2168E2-558A-4601-8CE3-F2D7C3100C67}
		{49CC02B4-DF90-434A-92CE-45CCB7A58082} = {6D8DD8B2-BF9B-41F5-BDA8-E5F0FE6DE2F7}
		{2217F461-59F6-47F3-8CC2-29277748E372} = {95B967D1-4A16-4FFD-9574-3B146350ABF7}
		{10081F78-8FD1-492B-AF65-40E951133269} = {FD2168E2-558A-4601-8CE3-F2D7C3100C67}
		{A5CE291D-1DD4-4390-8B73-6DD4419637A4} = {FD2168E2-558A-4601-8CE3-F2D7C3100C67}
		{5279A571-A666-4411-854E-7EA0A1B71621} = {0C45D580-8D37-4D9B-85AA-496A7A9EB1C3}
		{07E0CA05-353D-405B-BF05-4F5779A01924} = {FD2168E2-558A-4601-8CE3-F2D7C3100C67}
	EndGlobalSection
EndGlobal
