
Microsoft Visual Studio Solution File, Format Version 12.00
Project("{2150E333-8FDC-42A3-9474-1A3956D46DE8}") = "00.Document", "00.Document", "{4336D94E-EA58-4A09-94EE-2129253E3002}"
	ProjectSection(SolutionItems) = preProject
		00.Document\Readme.md = 00.Document\Readme.md
	EndProjectSection
EndProject
Project("{2150E333-8FDC-42A3-9474-1A3956D46DE8}") = "01.Core", "01.Core", "{6F197A1E-11FC-410C-A531-2DCB2E12476C}"
EndProject
Project("{2150E333-8FDC-42A3-9474-1A3956D46DE8}") = "02.Domain", "02.Domain", "{82B0568D-216C-4FD0-A27F-ED70F6F6355C}"
EndProject
Project("{2150E333-8FDC-42A3-9474-1A3956D46DE8}") = "03.Apps", "03.Apps", "{8204D400-871C-4E97-8010-A0510F3A6221}"
EndProject
Project("{2150E333-8FDC-42A3-9474-1A3956D46DE8}") = "99.ThirdParty", "99.ThirdParty", "{0C45D580-8D37-4D9B-85AA-496A7A9EB1C3}"
EndProject
Project("{2150E333-8FDC-42A3-9474-1A3956D46DE8}") = "01.FE", "01.FE", "{FD2168E2-558A-4601-8CE3-F2D7C3100C67}"
EndProject
Project("{FAE04EC0-301F-11D3-BF4B-00C04F79EFBC}") = "EWS.BlazorServer", "03.Apps\01.FE\EWS.BlazorServer\EWS.BlazorServer.csproj", "{A9DF99CC-A97A-437D-BF92-BFE3C2495451}"
EndProject
Project("{FAE04EC0-301F-11D3-BF4B-00C04F79EFBC}") = "EWS.Application", "01.Core\EWS.Application\EWS.Application.csproj", "{F3053843-C99C-494F-902C-32C281E6056C}"
EndProject
Project("{2150E333-8FDC-42A3-9474-1A3956D46DE8}") = "1.Entity", "1.Entity", "{A034E490-E719-486D-8658-402CDA887888}"
EndProject
Project("{2150E333-8FDC-42A3-9474-1A3956D46DE8}") = "2.Domain", "2.Domain", "{01B85F24-6EBC-4C3A-8177-5B6849B124A7}"
EndProject
Project("{FAE04EC0-301F-11D3-BF4B-00C04F79EFBC}") = "EWS.Domain.Example", "02.Domain\2.Domain\EWS.Domain.Example\EWS.Domain.Example.csproj", "{BDD13DD0-E71B-4F6B-8BB5-EC3186A12F34}"
EndProject
Project("{FAE04EC0-301F-11D3-BF4B-00C04F79EFBC}") = "eXtensionSharp", "99.ThirdParty\ExtensionSharp\eXtensionSharp.csproj", "{68387DB4-3505-4CFB-9622-AAEED69833C7}"
EndProject
Project("{2150E333-8FDC-42A3-9474-1A3956D46DE8}") = "98.Test", "98.Test", "{B5E9DEF7-AE9A-4614-BFE9-13FD158ACC0E}"
EndProject
Project("{FAE04EC0-301F-11D3-BF4B-00C04F79EFBC}") = "EWS.Tests", "98.Test\EWS.Tests\EWS.Tests.csproj", "{8DB25F50-7AB1-406C-B292-7F51D9EE3796}"
EndProject

Global
	GlobalSection(SolutionConfigurationPlatforms) = preSolution
		Debug|Any CPU = Debug|Any CPU
		Release|Any CPU = Release|Any CPU
	EndGlobalSection
	GlobalSection(ProjectConfigurationPlatforms) = postSolution
		{A9DF99CC-A97A-437D-BF92-BFE3C2495451}.Debug|Any CPU.ActiveCfg = Debug|Any CPU
		{A9DF99CC-A97A-437D-BF92-BFE3C2495451}.Debug|Any CPU.Build.0 = Debug|Any CPU
		{A9DF99CC-A97A-437D-BF92-BFE3C2495451}.Release|Any CPU.ActiveCfg = Release|Any CPU
		{A9DF99CC-A97A-437D-BF92-BFE3C2495451}.Release|Any CPU.Build.0 = Release|Any CPU
		{F3053843-C99C-494F-902C-32C281E6056C}.Debug|Any CPU.ActiveCfg = Debug|Any CPU
		{F3053843-C99C-494F-902C-32C281E6056C}.Debug|Any CPU.Build.0 = Debug|Any CPU
		{F3053843-C99C-494F-902C-32C281E6056C}.Release|Any CPU.ActiveCfg = Release|Any CPU
		{F3053843-C99C-494F-902C-32C281E6056C}.Release|Any CPU.Build.0 = Release|Any CPU
		{BDD13DD0-E71B-4F6B-8BB5-EC3186A12F34}.Debug|Any CPU.ActiveCfg = Debug|Any CPU
		{BDD13DD0-E71B-4F6B-8BB5-EC3186A12F34}.Debug|Any CPU.Build.0 = Debug|Any CPU
		{BDD13DD0-E71B-4F6B-8BB5-EC3186A12F34}.Release|Any CPU.ActiveCfg = Release|Any CPU
		{BDD13DD0-E71B-4F6B-8BB5-EC3186A12F34}.Release|Any CPU.Build.0 = Release|Any CPU
		{68387DB4-3505-4CFB-9622-AAEED69833C7}.Debug|Any CPU.ActiveCfg = Debug|Any CPU
		{68387DB4-3505-4CFB-9622-AAEED69833C7}.Debug|Any CPU.Build.0 = Debug|Any CPU
		{68387DB4-3505-4CFB-9622-AAEED69833C7}.Release|Any CPU.ActiveCfg = Release|Any CPU
		{68387DB4-3505-4CFB-9622-AAEED69833C7}.Release|Any CPU.Build.0 = Release|Any CPU
		{8DB25F50-7AB1-406C-B292-7F51D9EE3796}.Debug|Any CPU.ActiveCfg = Debug|Any CPU
		{8DB25F50-7AB1-406C-B292-7F51D9EE3796}.Debug|Any CPU.Build.0 = Debug|Any CPU
		{8DB25F50-7AB1-406C-B292-7F51D9EE3796}.Release|Any CPU.ActiveCfg = Release|Any CPU
		{8DB25F50-7AB1-406C-B292-7F51D9EE3796}.Release|Any CPU.Build.0 = Release|Any CPU
	EndGlobalSection
	GlobalSection(NestedProjects) = preSolution
		{FD2168E2-558A-4601-8CE3-F2D7C3100C67} = {8204D400-871C-4E97-8010-A0510F3A6221}
		{A9DF99CC-A97A-437D-BF92-BFE3C2495451} = {FD2168E2-558A-4601-8CE3-F2D7C3100C67}
		{F3053843-C99C-494F-902C-32C281E6056C} = {6F197A1E-11FC-410C-A531-2DCB2E12476C}
		{A034E490-E719-486D-8658-402CDA887888} = {82B0568D-216C-4FD0-A27F-ED70F6F6355C}
		{01B85F24-6EBC-4C3A-8177-5B6849B124A7} = {82B0568D-216C-4FD0-A27F-ED70F6F6355C}
		{BDD13DD0-E71B-4F6B-8BB5-EC3186A12F34} = {01B85F24-6EBC-4C3A-8177-5B6849B124A7}
		{68387DB4-3505-4CFB-9622-AAEED69833C7} = {0C45D580-8D37-4D9B-85AA-496A7A9EB1C3}
		{8DB25F50-7AB1-406C-B292-7F51D9EE3796} = {B5E9DEF7-AE9A-4614-BFE9-13FD158ACC0E}
	EndGlobalSection
EndGlobal
